<?xml version="1.0" encoding="utf-8"?>
<Project ToolsVersion="4.0" xmlns="http://schemas.microsoft.com/developer/msbuild/2003">
  <ItemGroup>
    <Filter Include="Resources">
      <UniqueIdentifier>{67DA6AB6-F800-4c08-8B7A-83BB121AAD01}</UniqueIdentifier>
      <Extensions>rc;ico;cur;bmp;dlg;rc2;rct;bin;rgs;gif;jpg;jpeg;jpe;resx;tiff;tif;png;wav;mfcribbon-ms</Extensions>
    </Filter>
    <Filter Include="Sources">
      <UniqueIdentifier>{4FC737F1-C7A5-4376-A066-2A32D752A2FF}</UniqueIdentifier>
      <Extensions>cpp;c;cc;cxx;c++;cppm;ixx;def;odl;idl;hpj;bat;asm;asmx</Extensions>
    </Filter>
    <Filter Include="Sources\Audio">
      <UniqueIdentifier>{9376d19f-76a3-44cc-b68b-30feef8f3a02}</UniqueIdentifier>
    </Filter>
    <Filter Include="Sources\Core">
      <UniqueIdentifier>{980a4899-c48a-4e3f-a04c-22cc156fab02}</UniqueIdentifier>
    </Filter>
    <Filter Include="Sources\Framework">
      <UniqueIdentifier>{da963a24-2518-4a94-befc-065dc1f959c5}</UniqueIdentifier>
    </Filter>
    <Filter Include="Sources\Math">
      <UniqueIdentifier>{e35a4a1b-8a1a-46b6-8e1d-b6d64df3a726}</UniqueIdentifier>
    </Filter>
    <Filter Include="Sources\Graphics">
      <UniqueIdentifier>{330c426c-8caa-4c89-b4f1-fe50e639e94f}</UniqueIdentifier>
    </Filter>
    <Filter Include="Sources\Object">
      <UniqueIdentifier>{5e7b624d-b4c3-4623-bb37-87b5dd5d534f}</UniqueIdentifier>
    </Filter>
    <Filter Include="Sources\Resource">
      <UniqueIdentifier>{f8b8af8b-8934-4cab-8bf7-83ff9732093a}</UniqueIdentifier>
    </Filter>
    <Filter Include="Sources\Input">
      <UniqueIdentifier>{8f517ce1-c176-44a5-88e9-7ad04fa37990}</UniqueIdentifier>
    </Filter>
    <Filter Include="Sources\Componet">
      <UniqueIdentifier>{5c3bfe14-c1ea-4dd7-b031-d49289fae943}</UniqueIdentifier>
    </Filter>
  </ItemGroup>
  <ItemGroup>
    <ClCompile Include="Engine.cpp">
      <Filter>Sources</Filter>
    </ClCompile>
    <ClCompile Include="Framework\EventSystem.cpp">
      <Filter>Sources\Framework</Filter>
    </ClCompile>
    <ClCompile Include="Math\Random.cpp">
      <Filter>Sources\Math</Filter>
    </ClCompile>
    <ClCompile Include="Math\Vector2.cpp">
      <Filter>Sources\Math</Filter>
    </ClCompile>
    <ClCompile Include="Math\Color.cpp">
      <Filter>Sources\Math</Filter>
    </ClCompile>
    <ClCompile Include="Object\Actor.cpp">
      <Filter>Sources\Object</Filter>
    </ClCompile>
    <ClCompile Include="Object\Scene.cpp">
      <Filter>Sources\Object</Filter>
    </ClCompile>
    <ClCompile Include="Core\FileSystem.cpp">
      <Filter>Sources\Core</Filter>
    </ClCompile>
    <ClCompile Include="Math\Transform.cpp">
      <Filter>Sources\Math</Filter>
    </ClCompile>
    <ClCompile Include="Grapics\Render.cpp">
      <Filter>Sources\Graphics</Filter>
    </ClCompile>
    <ClCompile Include="Grapics\Texture.cpp">
      <Filter>Sources\Graphics</Filter>
    </ClCompile>
    <ClCompile Include="Input\InputSystem.cpp">
      <Filter>Sources\Input</Filter>
    </ClCompile>
    <ClCompile Include="Core\Timer.cpp">
      <Filter>Sources\Core</Filter>
    </ClCompile>
    <ClCompile Include="Grapics\Particalsystem.cpp">
      <Filter>Sources\Graphics</Filter>
    </ClCompile>
    <ClCompile Include="Audio\AudioSystem.cpp">
      <Filter>Sources\Audio</Filter>
    </ClCompile>
    <ClCompile Include="Audio\AudioChannel.cpp">
      <Filter>Sources\Audio</Filter>
    </ClCompile>
    <ClCompile Include="Graphics\Font.cpp">
      <Filter>Sources\Graphics</Filter>
    </ClCompile>
    <ClCompile Include="Core\Utilites.cpp">
      <Filter>Sources\Core</Filter>
    </ClCompile>
    <ClCompile Include="Componet\SpriteComponent.cpp">
      <Filter>Sources\Componet</Filter>
    </ClCompile>
    <ClCompile Include="Componet\PhisicsComponent.cpp">
      <Filter>Sources\Componet</Filter>
    </ClCompile>
  </ItemGroup>
  <ItemGroup>
    <ClInclude Include="Framework\EventSystem.h">
      <Filter>Sources\Framework</Filter>
    </ClInclude>
    <ClInclude Include="Framework\System.h">
      <Filter>Sources\Framework</Filter>
    </ClInclude>
    <ClInclude Include="Math\Matrixs22.h">
      <Filter>Sources\Math</Filter>
    </ClInclude>
    <ClInclude Include="Math\Random.h">
      <Filter>Sources\Math</Filter>
    </ClInclude>
    <ClInclude Include="Math\Transform.h">
      <Filter>Sources\Math</Filter>
    </ClInclude>
    <ClInclude Include="Math\Vector2.h">
      <Filter>Sources\Math</Filter>
    </ClInclude>
    <ClInclude Include="Math\Color.h">
      <Filter>Sources\Math</Filter>
    </ClInclude>
    <ClInclude Include="Math\MathUtilis.h">
      <Filter>Sources\Math</Filter>
    </ClInclude>
    <ClInclude Include="Math\Matrix33.h">
      <Filter>Sources\Math</Filter>
    </ClInclude>
    <ClInclude Include="Resource\ResorceSystem.h">
      <Filter>Sources\Resource</Filter>
    </ClInclude>
    <ClInclude Include="Object\Actor.h">
      <Filter>Sources\Object</Filter>
    </ClInclude>
    <ClInclude Include="Object\Object.h">
      <Filter>Sources\Object</Filter>
    </ClInclude>
    <ClInclude Include="Object\Scene.h">
      <Filter>Sources\Object</Filter>
    </ClInclude>
    <ClInclude Include="Engine.h">
      <Filter>Sources</Filter>
    </ClInclude>
    <ClInclude Include="Core\FileSystem.h">
      <Filter>Sources\Core</Filter>
    </ClInclude>
    <ClInclude Include="Grapics\Render.h">
      <Filter>Sources\Graphics</Filter>
    </ClInclude>
    <ClInclude Include="Grapics\Texture.h">
      <Filter>Sources\Graphics</Filter>
    </ClInclude>
    <ClInclude Include="Resource\Resource.h">
      <Filter>Sources\Resource</Filter>
    </ClInclude>
    <ClInclude Include="Input\InputSystem.h">
      <Filter>Sources\Input</Filter>
    </ClInclude>
    <ClInclude Include="Core\Timer.h">
      <Filter>Sources\Core</Filter>
    </ClInclude>
    <ClInclude Include="Grapics\Particalsystem.h">
      <Filter>Sources\Graphics</Filter>
    </ClInclude>
    <ClInclude Include="Audio\AudioSystem.h">
      <Filter>Sources\Audio</Filter>
    </ClInclude>
    <ClInclude Include="Audio\AudioChannel.h">
      <Filter>Sources\Audio</Filter>
    </ClInclude>
    <ClInclude Include="Graphics\Font.h">
      <Filter>Sources\Graphics</Filter>
    </ClInclude>
    <ClInclude Include="Core\Utilites.h">
      <Filter>Sources\Core</Filter>
    </ClInclude>
    <ClInclude Include="Componet\Component.h">
      <Filter>Sources\Componet</Filter>
    </ClInclude>
    <ClInclude Include="Componet\GraphicsComponent.h">
      <Filter>Sources\Componet</Filter>
    </ClInclude>
    <ClInclude Include="Componet\SpriteComponent.h">
      <Filter>Sources\Componet</Filter>
    </ClInclude>
    <ClInclude Include="Componet\PhisicsComponent.h">
      <Filter>Sources\Componet</Filter>
    </ClInclude>
  </ItemGroup>
</Project>